
Microsoft Visual Studio Solution File, Format Version 9.00
# Visual Studio 2005
Project("{8BC9CEB8-8B4A-11D0-8D11-00A0C91BC942}") = "Schematic", "Schematic\Schematic.vcproj", "{C9726234-79E1-4F1A-9C30-5B24714485EA}"
EndProject
Global
	GlobalSection(SolutionConfigurationPlatforms) = preSolution
		Debug|Win32 = Debug|Win32
		Release|Win32 = Release|Win32
	EndGlobalSection
	GlobalSection(ProjectConfigurationPlatforms) = postSolution
		{C9726234-79E1-4F1A-9C30-5B24714485EA}.Debug|Win32.ActiveCfg = Debug|Win32
		{C9726234-79E1-4F1A-9C30-5B24714485EA}.Debug|Win32.Build.0 = Debug|Win32
		{C9726234-79E1-4F1A-9C30-5B24714485EA}.Release|Win32.ActiveCfg = Release|Win32
		{C9726234-79E1-4F1A-9C30-5B24714485EA}.Release|Win32.Build.0 = Release|Win32
	EndGlobalSection
	GlobalSection(SolutionProperties) = preSolution
		HideSolutionNode = FALSE
	EndGlobalSection
EndGlobal
