
Microsoft Visual Studio Solution File, Format Version 9.00
# Visual Studio 2005
Project("{8BC9CEB8-8B4A-11D0-8D11-00A0C91BC942}") = "MMLib", "MMLib\MMLib.vcproj", "{6D9DADBA-4A55-41E7-82BE-A379F6D74E30}"
	ProjectSection(ProjectDependencies) = postProject
		{785AA591-C27F-45B7-9F5C-947B37C87C30} = {785AA591-C27F-45B7-9F5C-947B37C87C30}
		{C1DC8EB7-D881-4A82-A0A9-8BAE90AE2423} = {C1DC8EB7-D881-4A82-A0A9-8BAE90AE2423}
	EndProjectSection
EndProject
Project("{8BC9CEB8-8B4A-11D0-8D11-00A0C91BC942}") = "MMView", "MMView\MMView.vcproj", "{C976135D-0F6F-44D5-98EC-20EF2E36C9C6}"
EndProject
Project("{8BC9CEB8-8B4A-11D0-8D11-00A0C91BC942}") = "CapDll", "CapDll\CapDll.vcproj", "{C1DC8EB7-D881-4A82-A0A9-8BAE90AE2423}"
EndProject
Project("{8BC9CEB8-8B4A-11D0-8D11-00A0C91BC942}") = "TWainDll", "TwainDll\TWainDll.vcproj", "{785AA591-C27F-45B7-9F5C-947B37C87C30}"
EndProject
Global
	GlobalSection(SolutionConfigurationPlatforms) = preSolution
		EngDeb|Win32 = EngDeb|Win32
		EngDeb|x64 = EngDeb|x64
		EngRel|Win32 = EngRel|Win32
		EngRel|x64 = EngRel|x64
		JpnDeb|Win32 = JpnDeb|Win32
		JpnDeb|x64 = JpnDeb|x64
		JpnRel|Win32 = JpnRel|Win32
		JpnRel|x64 = JpnRel|x64
	EndGlobalSection
	GlobalSection(ProjectConfigurationPlatforms) = postSolution
		{6D9DADBA-4A55-41E7-82BE-A379F6D74E30}.EngDeb|Win32.ActiveCfg = EngDeb|Win32
		{6D9DADBA-4A55-41E7-82BE-A379F6D74E30}.EngDeb|Win32.Build.0 = EngDeb|Win32
		{6D9DADBA-4A55-41E7-82BE-A379F6D74E30}.EngDeb|x64.ActiveCfg = EngDeb|x64
		{6D9DADBA-4A55-41E7-82BE-A379F6D74E30}.EngDeb|x64.Build.0 = EngDeb|x64
		{6D9DADBA-4A55-41E7-82BE-A379F6D74E30}.EngRel|Win32.ActiveCfg = EngRel|Win32
		{6D9DADBA-4A55-41E7-82BE-A379F6D74E30}.EngRel|Win32.Build.0 = EngRel|Win32
		{6D9DADBA-4A55-41E7-82BE-A379F6D74E30}.EngRel|x64.ActiveCfg = EngRel|x64
		{6D9DADBA-4A55-41E7-82BE-A379F6D74E30}.EngRel|x64.Build.0 = EngRel|x64
		{6D9DADBA-4A55-41E7-82BE-A379F6D74E30}.JpnDeb|Win32.ActiveCfg = JpnDeb|Win32
		{6D9DADBA-4A55-41E7-82BE-A379F6D74E30}.JpnDeb|Win32.Build.0 = JpnDeb|Win32
		{6D9DADBA-4A55-41E7-82BE-A379F6D74E30}.JpnDeb|x64.ActiveCfg = JpnDeb|x64
		{6D9DADBA-4A55-41E7-82BE-A379F6D74E30}.JpnDeb|x64.Build.0 = JpnDeb|x64
		{6D9DADBA-4A55-41E7-82BE-A379F6D74E30}.JpnRel|Win32.ActiveCfg = JpnRel|Win32
		{6D9DADBA-4A55-41E7-82BE-A379F6D74E30}.JpnRel|Win32.Build.0 = JpnRel|Win32
		{6D9DADBA-4A55-41E7-82BE-A379F6D74E30}.JpnRel|x64.ActiveCfg = JpnRel|x64
		{6D9DADBA-4A55-41E7-82BE-A379F6D74E30}.JpnRel|x64.Build.0 = JpnRel|x64
		{C976135D-0F6F-44D5-98EC-20EF2E36C9C6}.EngDeb|Win32.ActiveCfg = EngDeb|Win32
		{C976135D-0F6F-44D5-98EC-20EF2E36C9C6}.EngDeb|Win32.Build.0 = EngDeb|Win32
		{C976135D-0F6F-44D5-98EC-20EF2E36C9C6}.EngDeb|x64.ActiveCfg = EngDeb|x64
		{C976135D-0F6F-44D5-98EC-20EF2E36C9C6}.EngDeb|x64.Build.0 = EngDeb|x64
		{C976135D-0F6F-44D5-98EC-20EF2E36C9C6}.EngRel|Win32.ActiveCfg = EngRel|Win32
		{C976135D-0F6F-44D5-98EC-20EF2E36C9C6}.EngRel|Win32.Build.0 = EngRel|Win32
		{C976135D-0F6F-44D5-98EC-20EF2E36C9C6}.EngRel|x64.ActiveCfg = EngRel|x64
		{C976135D-0F6F-44D5-98EC-20EF2E36C9C6}.EngRel|x64.Build.0 = EngRel|x64
		{C976135D-0F6F-44D5-98EC-20EF2E36C9C6}.JpnDeb|Win32.ActiveCfg = JpnDeb|Win32
		{C976135D-0F6F-44D5-98EC-20EF2E36C9C6}.JpnDeb|Win32.Build.0 = JpnDeb|Win32
		{C976135D-0F6F-44D5-98EC-20EF2E36C9C6}.JpnDeb|x64.ActiveCfg = JpnDeb|x64
		{C976135D-0F6F-44D5-98EC-20EF2E36C9C6}.JpnDeb|x64.Build.0 = JpnDeb|x64
		{C976135D-0F6F-44D5-98EC-20EF2E36C9C6}.JpnRel|Win32.ActiveCfg = JpnRel|Win32
		{C976135D-0F6F-44D5-98EC-20EF2E36C9C6}.JpnRel|Win32.Build.0 = JpnRel|Win32
		{C976135D-0F6F-44D5-98EC-20EF2E36C9C6}.JpnRel|x64.ActiveCfg = JpnRel|x64
		{C976135D-0F6F-44D5-98EC-20EF2E36C9C6}.JpnRel|x64.Build.0 = JpnRel|x64
		{C1DC8EB7-D881-4A82-A0A9-8BAE90AE2423}.EngDeb|Win32.ActiveCfg = EngDeb|Win32
		{C1DC8EB7-D881-4A82-A0A9-8BAE90AE2423}.EngDeb|Win32.Build.0 = EngDeb|Win32
		{C1DC8EB7-D881-4A82-A0A9-8BAE90AE2423}.EngDeb|x64.ActiveCfg = EngDeb|x64
		{C1DC8EB7-D881-4A82-A0A9-8BAE90AE2423}.EngDeb|x64.Build.0 = EngDeb|x64
		{C1DC8EB7-D881-4A82-A0A9-8BAE90AE2423}.EngRel|Win32.ActiveCfg = EngRel|Win32
		{C1DC8EB7-D881-4A82-A0A9-8BAE90AE2423}.EngRel|Win32.Build.0 = EngRel|Win32
		{C1DC8EB7-D881-4A82-A0A9-8BAE90AE2423}.EngRel|x64.ActiveCfg = EngRel|x64
		{C1DC8EB7-D881-4A82-A0A9-8BAE90AE2423}.EngRel|x64.Build.0 = EngRel|x64
		{C1DC8EB7-D881-4A82-A0A9-8BAE90AE2423}.JpnDeb|Win32.ActiveCfg = JpnDeb|Win32
		{C1DC8EB7-D881-4A82-A0A9-8BAE90AE2423}.JpnDeb|Win32.Build.0 = JpnDeb|Win32
		{C1DC8EB7-D881-4A82-A0A9-8BAE90AE2423}.JpnDeb|x64.ActiveCfg = JpnDeb|x64
		{C1DC8EB7-D881-4A82-A0A9-8BAE90AE2423}.JpnDeb|x64.Build.0 = JpnDeb|x64
		{C1DC8EB7-D881-4A82-A0A9-8BAE90AE2423}.JpnRel|Win32.ActiveCfg = JpnRel|Win32
		{C1DC8EB7-D881-4A82-A0A9-8BAE90AE2423}.JpnRel|Win32.Build.0 = JpnRel|Win32
		{C1DC8EB7-D881-4A82-A0A9-8BAE90AE2423}.JpnRel|x64.ActiveCfg = JpnRel|x64
		{C1DC8EB7-D881-4A82-A0A9-8BAE90AE2423}.JpnRel|x64.Build.0 = JpnRel|x64
		{785AA591-C27F-45B7-9F5C-947B37C87C30}.EngDeb|Win32.ActiveCfg = EngDeb|Win32
		{785AA591-C27F-45B7-9F5C-947B37C87C30}.EngDeb|Win32.Build.0 = EngDeb|Win32
		{785AA591-C27F-45B7-9F5C-947B37C87C30}.EngDeb|x64.ActiveCfg = EngDeb|x64
		{785AA591-C27F-45B7-9F5C-947B37C87C30}.EngDeb|x64.Build.0 = EngDeb|x64
		{785AA591-C27F-45B7-9F5C-947B37C87C30}.EngRel|Win32.ActiveCfg = EngRel|Win32
		{785AA591-C27F-45B7-9F5C-947B37C87C30}.EngRel|Win32.Build.0 = EngRel|Win32
		{785AA591-C27F-45B7-9F5C-947B37C87C30}.EngRel|x64.ActiveCfg = EngRel|x64
		{785AA591-C27F-45B7-9F5C-947B37C87C30}.EngRel|x64.Build.0 = EngRel|x64
		{785AA591-C27F-45B7-9F5C-947B37C87C30}.JpnDeb|Win32.ActiveCfg = JpnDeb|Win32
		{785AA591-C27F-45B7-9F5C-947B37C87C30}.JpnDeb|Win32.Build.0 = JpnDeb|Win32
		{785AA591-C27F-45B7-9F5C-947B37C87C30}.JpnDeb|x64.ActiveCfg = JpnDeb|x64
		{785AA591-C27F-45B7-9F5C-947B37C87C30}.JpnDeb|x64.Build.0 = JpnDeb|x64
		{785AA591-C27F-45B7-9F5C-947B37C87C30}.JpnRel|Win32.ActiveCfg = JpnRel|Win32
		{785AA591-C27F-45B7-9F5C-947B37C87C30}.JpnRel|Win32.Build.0 = JpnRel|Win32
		{785AA591-C27F-45B7-9F5C-947B37C87C30}.JpnRel|x64.ActiveCfg = JpnRel|x64
		{785AA591-C27F-45B7-9F5C-947B37C87C30}.JpnRel|x64.Build.0 = JpnRel|x64
	EndGlobalSection
	GlobalSection(SolutionProperties) = preSolution
		HideSolutionNode = FALSE
	EndGlobalSection
EndGlobal
