
Microsoft Visual Studio Solution File, Format Version 10.00
# Visual Studio 2008
Project("{8BC9CEB8-8B4A-11D0-8D11-00A0C91BC942}") = "RTA", "RTA\RTA.vcproj", "{80FE1C08-0219-4E35-B70B-01C2492ACB0D}"
EndProject
Project("{8BC9CEB8-8B4A-11D0-8D11-00A0C91BC942}") = "SAS", "SAS\SAS.vcproj", "{13A465EB-4B4F-4037-9E8B-C30F6C1F5274}"
EndProject
Project("{8BC9CEB8-8B4A-11D0-8D11-00A0C91BC942}") = "NMS", "NMS\NMS.vcproj", "{044C166F-CC4A-4AD9-AE4D-3B9837D1802F}"
EndProject
Project("{8BC9CEB8-8B4A-11D0-8D11-00A0C91BC942}") = "DSS", "DSS\DSS.vcproj", "{CD1D3050-1ECF-46E1-A2F4-C8F4E2BAFF2D}"
EndProject
Global
	GlobalSection(SolutionConfigurationPlatforms) = preSolution
		EngDeb|Win32 = EngDeb|Win32
		EngDeb|x64 = EngDeb|x64
		EngRel|Win32 = EngRel|Win32
		EngRel|x64 = EngRel|x64
		JpnDeb|Win32 = JpnDeb|Win32
		JpnDeb|x64 = JpnDeb|x64
		JpnRel|Win32 = JpnRel|Win32
		JpnRel|x64 = JpnRel|x64
	EndGlobalSection
	GlobalSection(ProjectConfigurationPlatforms) = postSolution
		{80FE1C08-0219-4E35-B70B-01C2492ACB0D}.EngDeb|Win32.ActiveCfg = EngDeb|Win32
		{80FE1C08-0219-4E35-B70B-01C2492ACB0D}.EngDeb|Win32.Build.0 = EngDeb|Win32
		{80FE1C08-0219-4E35-B70B-01C2492ACB0D}.EngDeb|x64.ActiveCfg = EngDeb|x64
		{80FE1C08-0219-4E35-B70B-01C2492ACB0D}.EngDeb|x64.Build.0 = EngDeb|x64
		{80FE1C08-0219-4E35-B70B-01C2492ACB0D}.EngRel|Win32.ActiveCfg = EngRel|Win32
		{80FE1C08-0219-4E35-B70B-01C2492ACB0D}.EngRel|Win32.Build.0 = EngRel|Win32
		{80FE1C08-0219-4E35-B70B-01C2492ACB0D}.EngRel|x64.ActiveCfg = EngRel|x64
		{80FE1C08-0219-4E35-B70B-01C2492ACB0D}.EngRel|x64.Build.0 = EngRel|x64
		{80FE1C08-0219-4E35-B70B-01C2492ACB0D}.JpnDeb|Win32.ActiveCfg = JpnDeb|Win32
		{80FE1C08-0219-4E35-B70B-01C2492ACB0D}.JpnDeb|Win32.Build.0 = JpnDeb|Win32
		{80FE1C08-0219-4E35-B70B-01C2492ACB0D}.JpnDeb|x64.ActiveCfg = JpnDeb|x64
		{80FE1C08-0219-4E35-B70B-01C2492ACB0D}.JpnDeb|x64.Build.0 = JpnDeb|x64
		{80FE1C08-0219-4E35-B70B-01C2492ACB0D}.JpnRel|Win32.ActiveCfg = JpnRel|Win32
		{80FE1C08-0219-4E35-B70B-01C2492ACB0D}.JpnRel|Win32.Build.0 = JpnRel|Win32
		{80FE1C08-0219-4E35-B70B-01C2492ACB0D}.JpnRel|x64.ActiveCfg = JpnRel|x64
		{80FE1C08-0219-4E35-B70B-01C2492ACB0D}.JpnRel|x64.Build.0 = JpnRel|x64
		{13A465EB-4B4F-4037-9E8B-C30F6C1F5274}.EngDeb|Win32.ActiveCfg = EngDeb|Win32
		{13A465EB-4B4F-4037-9E8B-C30F6C1F5274}.EngDeb|Win32.Build.0 = EngDeb|Win32
		{13A465EB-4B4F-4037-9E8B-C30F6C1F5274}.EngDeb|x64.ActiveCfg = EngDeb|x64
		{13A465EB-4B4F-4037-9E8B-C30F6C1F5274}.EngDeb|x64.Build.0 = EngDeb|x64
		{13A465EB-4B4F-4037-9E8B-C30F6C1F5274}.EngRel|Win32.ActiveCfg = EngRel|Win32
		{13A465EB-4B4F-4037-9E8B-C30F6C1F5274}.EngRel|Win32.Build.0 = EngRel|Win32
		{13A465EB-4B4F-4037-9E8B-C30F6C1F5274}.EngRel|x64.ActiveCfg = EngRel|x64
		{13A465EB-4B4F-4037-9E8B-C30F6C1F5274}.EngRel|x64.Build.0 = EngRel|x64
		{13A465EB-4B4F-4037-9E8B-C30F6C1F5274}.JpnDeb|Win32.ActiveCfg = JpnDeb|Win32
		{13A465EB-4B4F-4037-9E8B-C30F6C1F5274}.JpnDeb|Win32.Build.0 = JpnDeb|Win32
		{13A465EB-4B4F-4037-9E8B-C30F6C1F5274}.JpnDeb|x64.ActiveCfg = JpnDeb|x64
		{13A465EB-4B4F-4037-9E8B-C30F6C1F5274}.JpnDeb|x64.Build.0 = JpnDeb|x64
		{13A465EB-4B4F-4037-9E8B-C30F6C1F5274}.JpnRel|Win32.ActiveCfg = JpnRel|Win32
		{13A465EB-4B4F-4037-9E8B-C30F6C1F5274}.JpnRel|Win32.Build.0 = JpnRel|Win32
		{13A465EB-4B4F-4037-9E8B-C30F6C1F5274}.JpnRel|x64.ActiveCfg = JpnRel|x64
		{13A465EB-4B4F-4037-9E8B-C30F6C1F5274}.JpnRel|x64.Build.0 = JpnRel|x64
		{044C166F-CC4A-4AD9-AE4D-3B9837D1802F}.EngDeb|Win32.ActiveCfg = EngDeb|Win32
		{044C166F-CC4A-4AD9-AE4D-3B9837D1802F}.EngDeb|Win32.Build.0 = EngDeb|Win32
		{044C166F-CC4A-4AD9-AE4D-3B9837D1802F}.EngDeb|x64.ActiveCfg = EngDeb|x64
		{044C166F-CC4A-4AD9-AE4D-3B9837D1802F}.EngDeb|x64.Build.0 = EngDeb|x64
		{044C166F-CC4A-4AD9-AE4D-3B9837D1802F}.EngRel|Win32.ActiveCfg = EngRel|Win32
		{044C166F-CC4A-4AD9-AE4D-3B9837D1802F}.EngRel|Win32.Build.0 = EngRel|Win32
		{044C166F-CC4A-4AD9-AE4D-3B9837D1802F}.EngRel|x64.ActiveCfg = EngRel|x64
		{044C166F-CC4A-4AD9-AE4D-3B9837D1802F}.EngRel|x64.Build.0 = EngRel|x64
		{044C166F-CC4A-4AD9-AE4D-3B9837D1802F}.JpnDeb|Win32.ActiveCfg = JpnDeb|Win32
		{044C166F-CC4A-4AD9-AE4D-3B9837D1802F}.JpnDeb|Win32.Build.0 = JpnDeb|Win32
		{044C166F-CC4A-4AD9-AE4D-3B9837D1802F}.JpnDeb|x64.ActiveCfg = JpnDeb|x64
		{044C166F-CC4A-4AD9-AE4D-3B9837D1802F}.JpnDeb|x64.Build.0 = JpnDeb|x64
		{044C166F-CC4A-4AD9-AE4D-3B9837D1802F}.JpnRel|Win32.ActiveCfg = JpnRel|Win32
		{044C166F-CC4A-4AD9-AE4D-3B9837D1802F}.JpnRel|Win32.Build.0 = JpnRel|Win32
		{044C166F-CC4A-4AD9-AE4D-3B9837D1802F}.JpnRel|x64.ActiveCfg = JpnRel|x64
		{044C166F-CC4A-4AD9-AE4D-3B9837D1802F}.JpnRel|x64.Build.0 = JpnRel|x64
		{CD1D3050-1ECF-46E1-A2F4-C8F4E2BAFF2D}.EngDeb|Win32.ActiveCfg = EngDeb|Win32
		{CD1D3050-1ECF-46E1-A2F4-C8F4E2BAFF2D}.EngDeb|Win32.Build.0 = EngDeb|Win32
		{CD1D3050-1ECF-46E1-A2F4-C8F4E2BAFF2D}.EngDeb|x64.ActiveCfg = EngDeb|x64
		{CD1D3050-1ECF-46E1-A2F4-C8F4E2BAFF2D}.EngDeb|x64.Build.0 = EngDeb|x64
		{CD1D3050-1ECF-46E1-A2F4-C8F4E2BAFF2D}.EngRel|Win32.ActiveCfg = EngRel|Win32
		{CD1D3050-1ECF-46E1-A2F4-C8F4E2BAFF2D}.EngRel|Win32.Build.0 = EngRel|Win32
		{CD1D3050-1ECF-46E1-A2F4-C8F4E2BAFF2D}.EngRel|x64.ActiveCfg = EngRel|x64
		{CD1D3050-1ECF-46E1-A2F4-C8F4E2BAFF2D}.EngRel|x64.Build.0 = EngRel|x64
		{CD1D3050-1ECF-46E1-A2F4-C8F4E2BAFF2D}.JpnDeb|Win32.ActiveCfg = JpnDeb|Win32
		{CD1D3050-1ECF-46E1-A2F4-C8F4E2BAFF2D}.JpnDeb|Win32.Build.0 = JpnDeb|Win32
		{CD1D3050-1ECF-46E1-A2F4-C8F4E2BAFF2D}.JpnDeb|x64.ActiveCfg = JpnDeb|x64
		{CD1D3050-1ECF-46E1-A2F4-C8F4E2BAFF2D}.JpnDeb|x64.Build.0 = JpnDeb|x64
		{CD1D3050-1ECF-46E1-A2F4-C8F4E2BAFF2D}.JpnRel|Win32.ActiveCfg = JpnRel|Win32
		{CD1D3050-1ECF-46E1-A2F4-C8F4E2BAFF2D}.JpnRel|Win32.Build.0 = JpnRel|Win32
		{CD1D3050-1ECF-46E1-A2F4-C8F4E2BAFF2D}.JpnRel|x64.ActiveCfg = JpnRel|x64
		{CD1D3050-1ECF-46E1-A2F4-C8F4E2BAFF2D}.JpnRel|x64.Build.0 = JpnRel|x64
	EndGlobalSection
	GlobalSection(SolutionProperties) = preSolution
		HideSolutionNode = FALSE
	EndGlobalSection
EndGlobal
